
Microsoft Visual Studio Solution File, Format Version 12.00
# Visual Studio Version 17
VisualStudioVersion = 17.6.33829.357
MinimumVisualStudioVersion = 10.0.40219.1
Project("{FAE04EC0-301F-11D3-BF4B-00C04F79EFBC}") = "FL-Tools 1.1", "FL-Tools 1.1.csproj", "{965AFC97-3522-4357-BA63-03810AC3639A}"
EndProject
Global
	GlobalSection(SolutionConfigurationPlatforms) = preSolution
		Debug|Any CPU = Debug|Any CPU
		Release|Any CPU = Release|Any CPU
	EndGlobalSection
	GlobalSection(ProjectConfigurationPlatforms) = postSolution
		{965AFC97-3522-4357-BA63-03810AC3639A}.Debug|Any CPU.ActiveCfg = Debug|Any CPU
		{965AFC97-3522-4357-BA63-03810AC3639A}.Debug|Any CPU.Build.0 = Debug|Any CPU
		{965AFC97-3522-4357-BA63-03810AC3639A}.Release|Any CPU.ActiveCfg = Release|Any CPU
		{965AFC97-3522-4357-BA63-03810AC3639A}.Release|Any CPU.Build.0 = Release|Any CPU
	EndGlobalSection
	GlobalSection(SolutionProperties) = preSolution
		HideSolutionNode = FALSE
	EndGlobalSection
	GlobalSection(ExtensibilityGlobals) = postSolution
		SolutionGuid = {3722960A-C13E-4136-8B51-E09F2ED29529}
	EndGlobalSection
EndGlobal
